
Microsoft Visual Studio Solution File, Format Version 12.00
# Visual Studio Version 17
VisualStudioVersion = 17.5.33627.172
MinimumVisualStudioVersion = 10.0.40219.1
Project("{8BC9CEB8-8B4A-11D0-8D11-00A0C91BC942}") = "AUV_light_reg", "AUV_light_reg\AUV_light_reg.vcxproj", "{C43EA55C-7F68-4853-AFF9-6CA14ED8A084}"
EndProject
Global
	GlobalSection(SolutionConfigurationPlatforms) = preSolution
		Debug|x64 = Debug|x64
		Debug|x86 = Debug|x86
		Release|x64 = Release|x64
		Release|x86 = Release|x86
	EndGlobalSection
	GlobalSection(ProjectConfigurationPlatforms) = postSolution
		{C43EA55C-7F68-4853-AFF9-6CA14ED8A084}.Debug|x64.ActiveCfg = Debug|x64
		{C43EA55C-7F68-4853-AFF9-6CA14ED8A084}.Debug|x64.Build.0 = Debug|x64
		{C43EA55C-7F68-4853-AFF9-6CA14ED8A084}.Debug|x86.ActiveCfg = Debug|Win32
		{C43EA55C-7F68-4853-AFF9-6CA14ED8A084}.Debug|x86.Build.0 = Debug|Win32
		{C43EA55C-7F68-4853-AFF9-6CA14ED8A084}.Release|x64.ActiveCfg = Release|x64
		{C43EA55C-7F68-4853-AFF9-6CA14ED8A084}.Release|x64.Build.0 = Release|x64
		{C43EA55C-7F68-4853-AFF9-6CA14ED8A084}.Release|x86.ActiveCfg = Release|Win32
		{C43EA55C-7F68-4853-AFF9-6CA14ED8A084}.Release|x86.Build.0 = Release|Win32
	EndGlobalSection
	GlobalSection(SolutionProperties) = preSolution
		HideSolutionNode = FALSE
	EndGlobalSection
	GlobalSection(ExtensibilityGlobals) = postSolution
		SolutionGuid = {85EA5196-BC98-4968-A20B-EFA0F04797B7}
	EndGlobalSection
EndGlobal
